
Microsoft Visual Studio Solution File, Format Version 12.00
# Visual Studio 15
VisualStudioVersion = 15.0.27130.2036
MinimumVisualStudioVersion = 10.0.40219.1
Project("{8BC9CEB8-8B4A-11D0-8D11-00A0C91BC942}") = "ConsoleApplication1", "ConsoleApplication1\ConsoleApplication1.vcxproj", "{D3756E90-BD1B-46A3-9B6E-3C839697D4CD}"
EndProject
Project("{8BC9CEB8-8B4A-11D0-8D11-00A0C91BC942}") = "homework", "homework\homework.vcxproj", "{B1C08F43-E373-4A1E-BB1F-F20A88591891}"
EndProject
Project("{8BC9CEB8-8B4A-11D0-8D11-00A0C91BC942}") = "test", "test\test.vcxproj", "{B418CD0E-22E2-4AFA-9D1D-5864EA27DC70}"
EndProject
Project("{8BC9CEB8-8B4A-11D0-8D11-00A0C91BC942}") = "参数引用", "参数引用\参数引用.vcxproj", "{5EB22854-D666-4BD9-839E-3EDEDCD92980}"
EndProject
Project("{8BC9CEB8-8B4A-11D0-8D11-00A0C91BC942}") = "链表", "链表\链表.vcxproj", "{DBF30C65-565C-4EBD-8D02-25E22A7086A8}"
EndProject
Project("{8BC9CEB8-8B4A-11D0-8D11-00A0C91BC942}") = "交换", "交换\交换.vcxproj", "{4B80A6CB-617A-46FA-B50E-18F5A4DD2907}"
EndProject
Project("{8BC9CEB8-8B4A-11D0-8D11-00A0C91BC942}") = "test1", "test1\test1.vcxproj", "{787027B1-E6EA-4B5C-9D2A-F1F78F79E43A}"
EndProject
Project("{8BC9CEB8-8B4A-11D0-8D11-00A0C91BC942}") = "人员档案", "人员档案\人员档案.vcxproj", "{B330041C-E776-4E3D-8F9F-C5236FFBB546}"
EndProject
Global
	GlobalSection(SolutionConfigurationPlatforms) = preSolution
		Debug|x64 = Debug|x64
		Debug|x86 = Debug|x86
		Release|x64 = Release|x64
		Release|x86 = Release|x86
	EndGlobalSection
	GlobalSection(ProjectConfigurationPlatforms) = postSolution
		{D3756E90-BD1B-46A3-9B6E-3C839697D4CD}.Debug|x64.ActiveCfg = Debug|x64
		{D3756E90-BD1B-46A3-9B6E-3C839697D4CD}.Debug|x64.Build.0 = Debug|x64
		{D3756E90-BD1B-46A3-9B6E-3C839697D4CD}.Debug|x86.ActiveCfg = Debug|Win32
		{D3756E90-BD1B-46A3-9B6E-3C839697D4CD}.Debug|x86.Build.0 = Debug|Win32
		{D3756E90-BD1B-46A3-9B6E-3C839697D4CD}.Release|x64.ActiveCfg = Release|x64
		{D3756E90-BD1B-46A3-9B6E-3C839697D4CD}.Release|x64.Build.0 = Release|x64
		{D3756E90-BD1B-46A3-9B6E-3C839697D4CD}.Release|x86.ActiveCfg = Release|Win32
		{D3756E90-BD1B-46A3-9B6E-3C839697D4CD}.Release|x86.Build.0 = Release|Win32
		{B1C08F43-E373-4A1E-BB1F-F20A88591891}.Debug|x64.ActiveCfg = Debug|x64
		{B1C08F43-E373-4A1E-BB1F-F20A88591891}.Debug|x64.Build.0 = Debug|x64
		{B1C08F43-E373-4A1E-BB1F-F20A88591891}.Debug|x86.ActiveCfg = Debug|Win32
		{B1C08F43-E373-4A1E-BB1F-F20A88591891}.Debug|x86.Build.0 = Debug|Win32
		{B1C08F43-E373-4A1E-BB1F-F20A88591891}.Release|x64.ActiveCfg = Release|x64
		{B1C08F43-E373-4A1E-BB1F-F20A88591891}.Release|x64.Build.0 = Release|x64
		{B1C08F43-E373-4A1E-BB1F-F20A88591891}.Release|x86.ActiveCfg = Release|Win32
		{B1C08F43-E373-4A1E-BB1F-F20A88591891}.Release|x86.Build.0 = Release|Win32
		{B418CD0E-22E2-4AFA-9D1D-5864EA27DC70}.Debug|x64.ActiveCfg = Debug|x64
		{B418CD0E-22E2-4AFA-9D1D-5864EA27DC70}.Debug|x64.Build.0 = Debug|x64
		{B418CD0E-22E2-4AFA-9D1D-5864EA27DC70}.Debug|x86.ActiveCfg = Debug|Win32
		{B418CD0E-22E2-4AFA-9D1D-5864EA27DC70}.Debug|x86.Build.0 = Debug|Win32
		{B418CD0E-22E2-4AFA-9D1D-5864EA27DC70}.Release|x64.ActiveCfg = Release|x64
		{B418CD0E-22E2-4AFA-9D1D-5864EA27DC70}.Release|x64.Build.0 = Release|x64
		{B418CD0E-22E2-4AFA-9D1D-5864EA27DC70}.Release|x86.ActiveCfg = Release|Win32
		{B418CD0E-22E2-4AFA-9D1D-5864EA27DC70}.Release|x86.Build.0 = Release|Win32
		{5EB22854-D666-4BD9-839E-3EDEDCD92980}.Debug|x64.ActiveCfg = Debug|x64
		{5EB22854-D666-4BD9-839E-3EDEDCD92980}.Debug|x64.Build.0 = Debug|x64
		{5EB22854-D666-4BD9-839E-3EDEDCD92980}.Debug|x86.ActiveCfg = Debug|Win32
		{5EB22854-D666-4BD9-839E-3EDEDCD92980}.Debug|x86.Build.0 = Debug|Win32
		{5EB22854-D666-4BD9-839E-3EDEDCD92980}.Release|x64.ActiveCfg = Release|x64
		{5EB22854-D666-4BD9-839E-3EDEDCD92980}.Release|x64.Build.0 = Release|x64
		{5EB22854-D666-4BD9-839E-3EDEDCD92980}.Release|x86.ActiveCfg = Release|Win32
		{5EB22854-D666-4BD9-839E-3EDEDCD92980}.Release|x86.Build.0 = Release|Win32
		{DBF30C65-565C-4EBD-8D02-25E22A7086A8}.Debug|x64.ActiveCfg = Debug|x64
		{DBF30C65-565C-4EBD-8D02-25E22A7086A8}.Debug|x64.Build.0 = Debug|x64
		{DBF30C65-565C-4EBD-8D02-25E22A7086A8}.Debug|x86.ActiveCfg = Debug|Win32
		{DBF30C65-565C-4EBD-8D02-25E22A7086A8}.Debug|x86.Build.0 = Debug|Win32
		{DBF30C65-565C-4EBD-8D02-25E22A7086A8}.Release|x64.ActiveCfg = Release|x64
		{DBF30C65-565C-4EBD-8D02-25E22A7086A8}.Release|x64.Build.0 = Release|x64
		{DBF30C65-565C-4EBD-8D02-25E22A7086A8}.Release|x86.ActiveCfg = Release|Win32
		{DBF30C65-565C-4EBD-8D02-25E22A7086A8}.Release|x86.Build.0 = Release|Win32
		{4B80A6CB-617A-46FA-B50E-18F5A4DD2907}.Debug|x64.ActiveCfg = Debug|x64
		{4B80A6CB-617A-46FA-B50E-18F5A4DD2907}.Debug|x64.Build.0 = Debug|x64
		{4B80A6CB-617A-46FA-B50E-18F5A4DD2907}.Debug|x86.ActiveCfg = Debug|Win32
		{4B80A6CB-617A-46FA-B50E-18F5A4DD2907}.Debug|x86.Build.0 = Debug|Win32
		{4B80A6CB-617A-46FA-B50E-18F5A4DD2907}.Release|x64.ActiveCfg = Release|x64
		{4B80A6CB-617A-46FA-B50E-18F5A4DD2907}.Release|x64.Build.0 = Release|x64
		{4B80A6CB-617A-46FA-B50E-18F5A4DD2907}.Release|x86.ActiveCfg = Release|Win32
		{4B80A6CB-617A-46FA-B50E-18F5A4DD2907}.Release|x86.Build.0 = Release|Win32
		{787027B1-E6EA-4B5C-9D2A-F1F78F79E43A}.Debug|x64.ActiveCfg = Debug|x64
		{787027B1-E6EA-4B5C-9D2A-F1F78F79E43A}.Debug|x64.Build.0 = Debug|x64
		{787027B1-E6EA-4B5C-9D2A-F1F78F79E43A}.Debug|x86.ActiveCfg = Debug|Win32
		{787027B1-E6EA-4B5C-9D2A-F1F78F79E43A}.Debug|x86.Build.0 = Debug|Win32
		{787027B1-E6EA-4B5C-9D2A-F1F78F79E43A}.Release|x64.ActiveCfg = Release|x64
		{787027B1-E6EA-4B5C-9D2A-F1F78F79E43A}.Release|x64.Build.0 = Release|x64
		{787027B1-E6EA-4B5C-9D2A-F1F78F79E43A}.Release|x86.ActiveCfg = Release|Win32
		{787027B1-E6EA-4B5C-9D2A-F1F78F79E43A}.Release|x86.Build.0 = Release|Win32
		{B330041C-E776-4E3D-8F9F-C5236FFBB546}.Debug|x64.ActiveCfg = Debug|x64
		{B330041C-E776-4E3D-8F9F-C5236FFBB546}.Debug|x64.Build.0 = Debug|x64
		{B330041C-E776-4E3D-8F9F-C5236FFBB546}.Debug|x86.ActiveCfg = Debug|Win32
		{B330041C-E776-4E3D-8F9F-C5236FFBB546}.Debug|x86.Build.0 = Debug|Win32
		{B330041C-E776-4E3D-8F9F-C5236FFBB546}.Release|x64.ActiveCfg = Release|x64
		{B330041C-E776-4E3D-8F9F-C5236FFBB546}.Release|x64.Build.0 = Release|x64
		{B330041C-E776-4E3D-8F9F-C5236FFBB546}.Release|x86.ActiveCfg = Release|Win32
		{B330041C-E776-4E3D-8F9F-C5236FFBB546}.Release|x86.Build.0 = Release|Win32
	EndGlobalSection
	GlobalSection(SolutionProperties) = preSolution
		HideSolutionNode = FALSE
	EndGlobalSection
	GlobalSection(ExtensibilityGlobals) = postSolution
		SolutionGuid = {4B729446-95E8-4E4C-802B-04A1B5023926}
	EndGlobalSection
EndGlobal
